
Microsoft Visual Studio Solution File, Format Version 12.00
# Visual Studio Version 17
VisualStudioVersion = 17.3.32804.467
MinimumVisualStudioVersion = 10.0.40219.1
Project("{9A19103F-16F7-4668-BE54-9A1E7A4F7556}") = "M13Summary", "M13Summary\M13Summary.csproj", "{F749B657-C9DF-4381-9B20-C3C3F25B7112}"
EndProject
Project("{FAE04EC0-301F-11D3-BF4B-00C04F79EFBC}") = "M13Summary.Task2", "M13Summary.Task2\M13Summary.Task2.csproj", "{C0745DD7-0204-4AAB-89E9-C7E858DF29E3}"
EndProject
Global
	GlobalSection(SolutionConfigurationPlatforms) = preSolution
		Debug|Any CPU = Debug|Any CPU
		Release|Any CPU = Release|Any CPU
	EndGlobalSection
	GlobalSection(ProjectConfigurationPlatforms) = postSolution
		{F749B657-C9DF-4381-9B20-C3C3F25B7112}.Debug|Any CPU.ActiveCfg = Debug|Any CPU
		{F749B657-C9DF-4381-9B20-C3C3F25B7112}.Debug|Any CPU.Build.0 = Debug|Any CPU
		{F749B657-C9DF-4381-9B20-C3C3F25B7112}.Release|Any CPU.ActiveCfg = Release|Any CPU
		{F749B657-C9DF-4381-9B20-C3C3F25B7112}.Release|Any CPU.Build.0 = Release|Any CPU
		{C0745DD7-0204-4AAB-89E9-C7E858DF29E3}.Debug|Any CPU.ActiveCfg = Debug|Any CPU
		{C0745DD7-0204-4AAB-89E9-C7E858DF29E3}.Debug|Any CPU.Build.0 = Debug|Any CPU
		{C0745DD7-0204-4AAB-89E9-C7E858DF29E3}.Release|Any CPU.ActiveCfg = Release|Any CPU
		{C0745DD7-0204-4AAB-89E9-C7E858DF29E3}.Release|Any CPU.Build.0 = Release|Any CPU
	EndGlobalSection
	GlobalSection(SolutionProperties) = preSolution
		HideSolutionNode = FALSE
	EndGlobalSection
	GlobalSection(ExtensibilityGlobals) = postSolution
		SolutionGuid = {19F4BD94-EE2C-461B-8B8D-ED03FB34FCBD}
	EndGlobalSection
EndGlobal
